
Microsoft Visual Studio Solution File, Format Version 12.00
# Visual Studio Version 17
VisualStudioVersion = 17.10.35122.118
MinimumVisualStudioVersion = 10.0.40219.1
Project("{FAE04EC0-301F-11D3-BF4B-00C04F79EFBC}") = "VariableApp", "VariableApp\VariableApp.csproj", "{4E0D4855-8FA5-4358-AE85-D9BD92F2A31C}"
EndProject
Global
	GlobalSection(SolutionConfigurationPlatforms) = preSolution
		Debug|Any CPU = Debug|Any CPU
		Release|Any CPU = Release|Any CPU
	EndGlobalSection
	GlobalSection(ProjectConfigurationPlatforms) = postSolution
		{4E0D4855-8FA5-4358-AE85-D9BD92F2A31C}.Debug|Any CPU.ActiveCfg = Debug|Any CPU
		{4E0D4855-8FA5-4358-AE85-D9BD92F2A31C}.Debug|Any CPU.Build.0 = Debug|Any CPU
		{4E0D4855-8FA5-4358-AE85-D9BD92F2A31C}.Release|Any CPU.ActiveCfg = Release|Any CPU
		{4E0D4855-8FA5-4358-AE85-D9BD92F2A31C}.Release|Any CPU.Build.0 = Release|Any CPU
	EndGlobalSection
	GlobalSection(SolutionProperties) = preSolution
		HideSolutionNode = FALSE
	EndGlobalSection
	GlobalSection(ExtensibilityGlobals) = postSolution
		SolutionGuid = {EA1DFCEB-2F4B-4359-A85D-48112CCC2E90}
	EndGlobalSection
EndGlobal
